
Microsoft Visual Studio Solution File, Format Version 12.00
# Visual Studio Version 16
VisualStudioVersion = 16.0.34301.259
MinimumVisualStudioVersion = 10.0.40219.1
Project("{FAE04EC0-301F-11D3-BF4B-00C04F79EFBC}") = "WebProje", "WebProje\WebProje.csproj", "{C939F1F6-7979-4635-BCB5-297468ECDA44}"
EndProject
Global
	GlobalSection(SolutionConfigurationPlatforms) = preSolution
		Debug|Any CPU = Debug|Any CPU
		Release|Any CPU = Release|Any CPU
	EndGlobalSection
	GlobalSection(ProjectConfigurationPlatforms) = postSolution
		{C939F1F6-7979-4635-BCB5-297468ECDA44}.Debug|Any CPU.ActiveCfg = Debug|Any CPU
		{C939F1F6-7979-4635-BCB5-297468ECDA44}.Debug|Any CPU.Build.0 = Debug|Any CPU
		{C939F1F6-7979-4635-BCB5-297468ECDA44}.Release|Any CPU.ActiveCfg = Release|Any CPU
		{C939F1F6-7979-4635-BCB5-297468ECDA44}.Release|Any CPU.Build.0 = Release|Any CPU
	EndGlobalSection
	GlobalSection(SolutionProperties) = preSolution
		HideSolutionNode = FALSE
	EndGlobalSection
	GlobalSection(ExtensibilityGlobals) = postSolution
		SolutionGuid = {EF5A9B41-0215-44FD-ADFA-4209C096CC16}
	EndGlobalSection
EndGlobal
